// !$*UTF8*$!
{
	archiveVersion = 1;
	classes = {
	};
	objectVersion = 50;
	objects = {

/* Begin PBXBuildFile section */
		25D8A93026064201009E0BCE /* AppDelegate.swift in Sources */ = {isa = PBXBuildFile; fileRef = 25D8A92F26064201009E0BCE /* AppDelegate.swift */; };
		25D8A93226064201009E0BCE /* SceneDelegate.swift in Sources */ = {isa = PBXBuildFile; fileRef = 25D8A93126064201009E0BCE /* SceneDelegate.swift */; };
		25D8A93426064201009E0BCE /* PhotoListViewController.swift in Sources */ = {isa = PBXBuildFile; fileRef = 25D8A93326064201009E0BCE /* PhotoListViewController.swift */; };
		25D8A93726064201009E0BCE /* Main.storyboard in Resources */ = {isa = PBXBuildFile; fileRef = 25D8A93526064201009E0BCE /* Main.storyboard */; };
		25D8A93926064205009E0BCE /* Assets.xcassets in Resources */ = {isa = PBXBuildFile; fileRef = 25D8A93826064205009E0BCE /* Assets.xcassets */; };
		25D8A93C26064205009E0BCE /* LaunchScreen.storyboard in Resources */ = {isa = PBXBuildFile; fileRef = 25D8A93A26064205009E0BCE /* LaunchScreen.storyboard */; };
		25D8A94726064205009E0BCE /* UnsplashTests.swift in Sources */ = {isa = PBXBuildFile; fileRef = 25D8A94626064205009E0BCE /* UnsplashTests.swift */; };
		25D8A95226064206009E0BCE /* UnsplashUITests.swift in Sources */ = {isa = PBXBuildFile; fileRef = 25D8A95126064206009E0BCE /* UnsplashUITests.swift */; };
		25D8A96E260642BA009E0BCE /* PhotoDetailPresenter.swift in Sources */ = {isa = PBXBuildFile; fileRef = 25D8A96D260642BA009E0BCE /* PhotoDetailPresenter.swift */; };
		25D8A974260642E4009E0BCE /* PhotoDetailViewController.swift in Sources */ = {isa = PBXBuildFile; fileRef = 25D8A973260642E4009E0BCE /* PhotoDetailViewController.swift */; };
		25D8A97D260642F8009E0BCE /* PhotoDetailConfigurator.swift in Sources */ = {isa = PBXBuildFile; fileRef = 25D8A97C260642F8009E0BCE /* PhotoDetailConfigurator.swift */; };
		25D8A98626064313009E0BCE /* PhotoDetailRouter.swift in Sources */ = {isa = PBXBuildFile; fileRef = 25D8A98526064313009E0BCE /* PhotoDetailRouter.swift */; };
		25D8A991260643B6009E0BCE /* PhotoListPresenter.swift in Sources */ = {isa = PBXBuildFile; fileRef = 25D8A990260643B6009E0BCE /* PhotoListPresenter.swift */; };
		25D8A996260643C7009E0BCE /* PhotoListConfigurator.swift in Sources */ = {isa = PBXBuildFile; fileRef = 25D8A995260643C7009E0BCE /* PhotoListConfigurator.swift */; };
		25D8A99B260643DB009E0BCE /* PhotoListRouter.swift in Sources */ = {isa = PBXBuildFile; fileRef = 25D8A99A260643DB009E0BCE /* PhotoListRouter.swift */; };
		25D8A9A026064400009E0BCE /* PhotoListTableViewCell.swift in Sources */ = {isa = PBXBuildFile; fileRef = 25D8A99F26064400009E0BCE /* PhotoListTableViewCell.swift */; };
		25D8A9A526064415009E0BCE /* PhotoDetailCollectionViewCell.swift in Sources */ = {isa = PBXBuildFile; fileRef = 25D8A9A426064415009E0BCE /* PhotoDetailCollectionViewCell.swift */; };
		25D8A9B2260644F8009E0BCE /* PhotoRepository.swift in Sources */ = {isa = PBXBuildFile; fileRef = 25D8A9B1260644F8009E0BCE /* PhotoRepository.swift */; };
		25D8A9B726064508009E0BCE /* PhotoListRepository.swift in Sources */ = {isa = PBXBuildFile; fileRef = 25D8A9B626064508009E0BCE /* PhotoListRepository.swift */; };
		25D8A9BD26064539009E0BCE /* APIService.swift in Sources */ = {isa = PBXBuildFile; fileRef = 25D8A9BC26064539009E0BCE /* APIService.swift */; };
		25D8A9C2260645AD009E0BCE /* SearchPhotoListRequestDTO.swift in Sources */ = {isa = PBXBuildFile; fileRef = 25D8A9C1260645AD009E0BCE /* SearchPhotoListRequestDTO.swift */; };
		25D8A9C7260645CD009E0BCE /* SearchPhotoListResponseDTO.swift in Sources */ = {isa = PBXBuildFile; fileRef = 25D8A9C6260645CD009E0BCE /* SearchPhotoListResponseDTO.swift */; };
		25D8A9CE260645F9009E0BCE /* PhotoModel.swift in Sources */ = {isa = PBXBuildFile; fileRef = 25D8A9CD260645F9009E0BCE /* PhotoModel.swift */; };
		25D8A9D62606460A009E0BCE /* FetchDefaultPhotoListUseCase.swift in Sources */ = {isa = PBXBuildFile; fileRef = 25D8A9D52606460A009E0BCE /* FetchDefaultPhotoListUseCase.swift */; };
		25D8A9DE26064622009E0BCE /* FetchPhotoImageUseCase.swift in Sources */ = {isa = PBXBuildFile; fileRef = 25D8A9DD26064622009E0BCE /* FetchPhotoImageUseCase.swift */; };
		25D8A9E326064633009E0BCE /* SearchPhotoListUseCase.swift in Sources */ = {isa = PBXBuildFile; fileRef = 25D8A9E226064633009E0BCE /* SearchPhotoListUseCase.swift */; };
		25D8A9F526071849009E0BCE /* StringUtils.swift in Sources */ = {isa = PBXBuildFile; fileRef = 25D8A9F426071849009E0BCE /* StringUtils.swift */; };
		25D8A9FB260734D4009E0BCE /* CacheService.swift in Sources */ = {isa = PBXBuildFile; fileRef = 25D8A9FA260734D4009E0BCE /* CacheService.swift */; };
		25D8AA0326073A95009E0BCE /* ImageRequestDTO.swift in Sources */ = {isa = PBXBuildFile; fileRef = 25D8AA0226073A95009E0BCE /* ImageRequestDTO.swift */; };
		25D8AA0826073AA3009E0BCE /* PhotoResponseDTO.swift in Sources */ = {isa = PBXBuildFile; fileRef = 25D8AA0726073AA3009E0BCE /* PhotoResponseDTO.swift */; };
		25D8AA1B260741E9009E0BCE /* ImageResponseDTO.swift in Sources */ = {isa = PBXBuildFile; fileRef = 25D8AA1A260741E9009E0BCE /* ImageResponseDTO.swift */; };
		25D8AA2026074335009E0BCE /* PhotoListResponseDTO.swift in Sources */ = {isa = PBXBuildFile; fileRef = 25D8AA1F26074335009E0BCE /* PhotoListResponseDTO.swift */; };
		25D8AA2D26074603009E0BCE /* NetworkRequestFactory.swift in Sources */ = {isa = PBXBuildFile; fileRef = 25D8AA2C26074603009E0BCE /* NetworkRequestFactory.swift */; };
		25D8AA3226074D47009E0BCE /* PhotoListRequestDTO.swift in Sources */ = {isa = PBXBuildFile; fileRef = 25D8AA3126074D47009E0BCE /* PhotoListRequestDTO.swift */; };
		25D8AA3A2607997F009E0BCE /* PhotoListTableViewCell.xib in Resources */ = {isa = PBXBuildFile; fileRef = 25D8AA392607997E009E0BCE /* PhotoListTableViewCell.xib */; };
/* End PBXBuildFile section */

/* Begin PBXContainerItemProxy section */
		25D8A94326064205009E0BCE /* PBXContainerItemProxy */ = {
			isa = PBXContainerItemProxy;
			containerPortal = 25D8A92426064201009E0BCE /* Project object */;
			proxyType = 1;
			remoteGlobalIDString = 25D8A92B26064201009E0BCE;
			remoteInfo = Unsplash;
		};
		25D8A94E26064206009E0BCE /* PBXContainerItemProxy */ = {
			isa = PBXContainerItemProxy;
			containerPortal = 25D8A92426064201009E0BCE /* Project object */;
			proxyType = 1;
			remoteGlobalIDString = 25D8A92B26064201009E0BCE;
			remoteInfo = Unsplash;
		};
/* End PBXContainerItemProxy section */

/* Begin PBXFileReference section */
		25D8A92C26064201009E0BCE /* Unsplash.app */ = {isa = PBXFileReference; explicitFileType = wrapper.application; includeInIndex = 0; path = Unsplash.app; sourceTree = BUILT_PRODUCTS_DIR; };
		25D8A92F26064201009E0BCE /* AppDelegate.swift */ = {isa = PBXFileReference; lastKnownFileType = sourcecode.swift; path = AppDelegate.swift; sourceTree = "<group>"; };
		25D8A93126064201009E0BCE /* SceneDelegate.swift */ = {isa = PBXFileReference; lastKnownFileType = sourcecode.swift; path = SceneDelegate.swift; sourceTree = "<group>"; };
		25D8A93326064201009E0BCE /* PhotoListViewController.swift */ = {isa = PBXFileReference; lastKnownFileType = sourcecode.swift; path = PhotoListViewController.swift; sourceTree = "<group>"; };
		25D8A93626064201009E0BCE /* Base */ = {isa = PBXFileReference; lastKnownFileType = file.storyboard; name = Base; path = Base.lproj/Main.storyboard; sourceTree = "<group>"; };
		25D8A93826064205009E0BCE /* Assets.xcassets */ = {isa = PBXFileReference; lastKnownFileType = folder.assetcatalog; path = Assets.xcassets; sourceTree = "<group>"; };
		25D8A93B26064205009E0BCE /* Base */ = {isa = PBXFileReference; lastKnownFileType = file.storyboard; name = Base; path = Base.lproj/LaunchScreen.storyboard; sourceTree = "<group>"; };
		25D8A93D26064205009E0BCE /* Info.plist */ = {isa = PBXFileReference; lastKnownFileType = text.plist.xml; path = Info.plist; sourceTree = "<group>"; };
		25D8A94226064205009E0BCE /* UnsplashTests.xctest */ = {isa = PBXFileReference; explicitFileType = wrapper.cfbundle; includeInIndex = 0; path = UnsplashTests.xctest; sourceTree = BUILT_PRODUCTS_DIR; };
		25D8A94626064205009E0BCE /* UnsplashTests.swift */ = {isa = PBXFileReference; lastKnownFileType = sourcecode.swift; path = UnsplashTests.swift; sourceTree = "<group>"; };
		25D8A94826064205009E0BCE /* Info.plist */ = {isa = PBXFileReference; lastKnownFileType = text.plist.xml; path = Info.plist; sourceTree = "<group>"; };
		25D8A94D26064206009E0BCE /* UnsplashUITests.xctest */ = {isa = PBXFileReference; explicitFileType = wrapper.cfbundle; includeInIndex = 0; path = UnsplashUITests.xctest; sourceTree = BUILT_PRODUCTS_DIR; };
		25D8A95126064206009E0BCE /* UnsplashUITests.swift */ = {isa = PBXFileReference; lastKnownFileType = sourcecode.swift; path = UnsplashUITests.swift; sourceTree = "<group>"; };
		25D8A95326064206009E0BCE /* Info.plist */ = {isa = PBXFileReference; lastKnownFileType = text.plist.xml; path = Info.plist; sourceTree = "<group>"; };
		25D8A96D260642BA009E0BCE /* PhotoDetailPresenter.swift */ = {isa = PBXFileReference; lastKnownFileType = sourcecode.swift; path = PhotoDetailPresenter.swift; sourceTree = "<group>"; };
		25D8A973260642E4009E0BCE /* PhotoDetailViewController.swift */ = {isa = PBXFileReference; lastKnownFileType = sourcecode.swift; path = PhotoDetailViewController.swift; sourceTree = "<group>"; };
		25D8A97C260642F8009E0BCE /* PhotoDetailConfigurator.swift */ = {isa = PBXFileReference; lastKnownFileType = sourcecode.swift; path = PhotoDetailConfigurator.swift; sourceTree = "<group>"; };
		25D8A98526064313009E0BCE /* PhotoDetailRouter.swift */ = {isa = PBXFileReference; lastKnownFileType = sourcecode.swift; path = PhotoDetailRouter.swift; sourceTree = "<group>"; };
		25D8A990260643B6009E0BCE /* PhotoListPresenter.swift */ = {isa = PBXFileReference; lastKnownFileType = sourcecode.swift; path = PhotoListPresenter.swift; sourceTree = "<group>"; };
		25D8A995260643C7009E0BCE /* PhotoListConfigurator.swift */ = {isa = PBXFileReference; lastKnownFileType = sourcecode.swift; path = PhotoListConfigurator.swift; sourceTree = "<group>"; };
		25D8A99A260643DB009E0BCE /* PhotoListRouter.swift */ = {isa = PBXFileReference; lastKnownFileType = sourcecode.swift; path = PhotoListRouter.swift; sourceTree = "<group>"; };
		25D8A99F26064400009E0BCE /* PhotoListTableViewCell.swift */ = {isa = PBXFileReference; lastKnownFileType = sourcecode.swift; path = PhotoListTableViewCell.swift; sourceTree = "<group>"; };
		25D8A9A426064415009E0BCE /* PhotoDetailCollectionViewCell.swift */ = {isa = PBXFileReference; lastKnownFileType = sourcecode.swift; path = PhotoDetailCollectionViewCell.swift; sourceTree = "<group>"; };
		25D8A9B1260644F8009E0BCE /* PhotoRepository.swift */ = {isa = PBXFileReference; lastKnownFileType = sourcecode.swift; path = PhotoRepository.swift; sourceTree = "<group>"; };
		25D8A9B626064508009E0BCE /* PhotoListRepository.swift */ = {isa = PBXFileReference; lastKnownFileType = sourcecode.swift; path = PhotoListRepository.swift; sourceTree = "<group>"; };
		25D8A9BC26064539009E0BCE /* APIService.swift */ = {isa = PBXFileReference; lastKnownFileType = sourcecode.swift; path = APIService.swift; sourceTree = "<group>"; };
		25D8A9C1260645AD009E0BCE /* SearchPhotoListRequestDTO.swift */ = {isa = PBXFileReference; lastKnownFileType = sourcecode.swift; path = SearchPhotoListRequestDTO.swift; sourceTree = "<group>"; };
		25D8A9C6260645CD009E0BCE /* SearchPhotoListResponseDTO.swift */ = {isa = PBXFileReference; lastKnownFileType = sourcecode.swift; path = SearchPhotoListResponseDTO.swift; sourceTree = "<group>"; };
		25D8A9CD260645F9009E0BCE /* PhotoModel.swift */ = {isa = PBXFileReference; lastKnownFileType = sourcecode.swift; path = PhotoModel.swift; sourceTree = "<group>"; };
		25D8A9D52606460A009E0BCE /* FetchDefaultPhotoListUseCase.swift */ = {isa = PBXFileReference; lastKnownFileType = sourcecode.swift; path = FetchDefaultPhotoListUseCase.swift; sourceTree = "<group>"; };
		25D8A9DD26064622009E0BCE /* FetchPhotoImageUseCase.swift */ = {isa = PBXFileReference; lastKnownFileType = sourcecode.swift; path = FetchPhotoImageUseCase.swift; sourceTree = "<group>"; };
		25D8A9E226064633009E0BCE /* SearchPhotoListUseCase.swift */ = {isa = PBXFileReference; lastKnownFileType = sourcecode.swift; path = SearchPhotoListUseCase.swift; sourceTree = "<group>"; };
		25D8A9F426071849009E0BCE /* StringUtils.swift */ = {isa = PBXFileReference; lastKnownFileType = sourcecode.swift; path = StringUtils.swift; sourceTree = "<group>"; };
		25D8A9FA260734D4009E0BCE /* CacheService.swift */ = {isa = PBXFileReference; lastKnownFileType = sourcecode.swift; path = CacheService.swift; sourceTree = "<group>"; };
		25D8AA0226073A95009E0BCE /* ImageRequestDTO.swift */ = {isa = PBXFileReference; lastKnownFileType = sourcecode.swift; path = ImageRequestDTO.swift; sourceTree = "<group>"; };
		25D8AA0726073AA3009E0BCE /* PhotoResponseDTO.swift */ = {isa = PBXFileReference; lastKnownFileType = sourcecode.swift; path = PhotoResponseDTO.swift; sourceTree = "<group>"; };
		25D8AA1A260741E9009E0BCE /* ImageResponseDTO.swift */ = {isa = PBXFileReference; lastKnownFileType = sourcecode.swift; path = ImageResponseDTO.swift; sourceTree = "<group>"; };
		25D8AA1F26074335009E0BCE /* PhotoListResponseDTO.swift */ = {isa = PBXFileReference; lastKnownFileType = sourcecode.swift; path = PhotoListResponseDTO.swift; sourceTree = "<group>"; };
		25D8AA2C26074603009E0BCE /* NetworkRequestFactory.swift */ = {isa = PBXFileReference; lastKnownFileType = sourcecode.swift; path = NetworkRequestFactory.swift; sourceTree = "<group>"; };
		25D8AA3126074D47009E0BCE /* PhotoListRequestDTO.swift */ = {isa = PBXFileReference; lastKnownFileType = sourcecode.swift; path = PhotoListRequestDTO.swift; sourceTree = "<group>"; };
		25D8AA392607997E009E0BCE /* PhotoListTableViewCell.xib */ = {isa = PBXFileReference; lastKnownFileType = file.xib; path = PhotoListTableViewCell.xib; sourceTree = "<group>"; };
/* End PBXFileReference section */

/* Begin PBXFrameworksBuildPhase section */
		25D8A92926064201009E0BCE /* Frameworks */ = {
			isa = PBXFrameworksBuildPhase;
			buildActionMask = 2147483647;
			files = (
			);
			runOnlyForDeploymentPostprocessing = 0;
		};
		25D8A93F26064205009E0BCE /* Frameworks */ = {
			isa = PBXFrameworksBuildPhase;
			buildActionMask = 2147483647;
			files = (
			);
			runOnlyForDeploymentPostprocessing = 0;
		};
		25D8A94A26064206009E0BCE /* Frameworks */ = {
			isa = PBXFrameworksBuildPhase;
			buildActionMask = 2147483647;
			files = (
			);
			runOnlyForDeploymentPostprocessing = 0;
		};
/* End PBXFrameworksBuildPhase section */

/* Begin PBXGroup section */
		25D8A92326064201009E0BCE = {
			isa = PBXGroup;
			children = (
				25D8A92E26064201009E0BCE /* Unsplash */,
				25D8A94526064205009E0BCE /* UnsplashTests */,
				25D8A95026064206009E0BCE /* UnsplashUITests */,
				25D8A92D26064201009E0BCE /* Products */,
			);
			sourceTree = "<group>";
		};
		25D8A92D26064201009E0BCE /* Products */ = {
			isa = PBXGroup;
			children = (
				25D8A92C26064201009E0BCE /* Unsplash.app */,
				25D8A94226064205009E0BCE /* UnsplashTests.xctest */,
				25D8A94D26064206009E0BCE /* UnsplashUITests.xctest */,
			);
			name = Products;
			sourceTree = "<group>";
		};
		25D8A92E26064201009E0BCE /* Unsplash */ = {
			isa = PBXGroup;
			children = (
				25D8A9F326071825009E0BCE /* Utils */,
				25D8A9AD26064465009E0BCE /* Application */,
				25D8A9AC26064450009E0BCE /* Asset */,
				25D8A96426064239009E0BCE /* DataLayer */,
				25D8A96326064235009E0BCE /* DomainLayer */,
				25D8A96226064226009E0BCE /* PresentationLayer */,
				25D8A93D26064205009E0BCE /* Info.plist */,
			);
			path = Unsplash;
			sourceTree = "<group>";
		};
		25D8A94526064205009E0BCE /* UnsplashTests */ = {
			isa = PBXGroup;
			children = (
				25D8A94626064205009E0BCE /* UnsplashTests.swift */,
				25D8A94826064205009E0BCE /* Info.plist */,
			);
			path = UnsplashTests;
			sourceTree = "<group>";
		};
		25D8A95026064206009E0BCE /* UnsplashUITests */ = {
			isa = PBXGroup;
			children = (
				25D8A95126064206009E0BCE /* UnsplashUITests.swift */,
				25D8A95326064206009E0BCE /* Info.plist */,
			);
			path = UnsplashUITests;
			sourceTree = "<group>";
		};
		25D8A96226064226009E0BCE /* PresentationLayer */ = {
			isa = PBXGroup;
			children = (
				25D8A96926064277009E0BCE /* PhotoListScene */,
				25D8A96A26064280009E0BCE /* PhotoDetailScene */,
			);
			path = PresentationLayer;
			sourceTree = "<group>";
		};
		25D8A96326064235009E0BCE /* DomainLayer */ = {
			isa = PBXGroup;
			children = (
				25D8A9CC260645EC009E0BCE /* UseCase */,
				25D8A9CB260645E9009E0BCE /* Model(entity) */,
			);
			path = DomainLayer;
			sourceTree = "<group>";
		};
		25D8A96426064239009E0BCE /* DataLayer */ = {
			isa = PBXGroup;
			children = (
				25D8A9B0260644D9009E0BCE /* DataTransferObject */,
				25D8A9AF260644D5009E0BCE /* Network */,
				25D8A9F9260734BD009E0BCE /* Cache */,
				25D8A9AE260644C5009E0BCE /* Repositories */,
			);
			path = DataLayer;
			sourceTree = "<group>";
		};
		25D8A96926064277009E0BCE /* PhotoListScene */ = {
			isa = PBXGroup;
			children = (
				25D8A990260643B6009E0BCE /* PhotoListPresenter.swift */,
				25D8A995260643C7009E0BCE /* PhotoListConfigurator.swift */,
				25D8A99A260643DB009E0BCE /* PhotoListRouter.swift */,
				25D8A93326064201009E0BCE /* PhotoListViewController.swift */,
				25D8A99F26064400009E0BCE /* PhotoListTableViewCell.swift */,
				25D8AA392607997E009E0BCE /* PhotoListTableViewCell.xib */,
			);
			path = PhotoListScene;
			sourceTree = "<group>";
		};
		25D8A96A26064280009E0BCE /* PhotoDetailScene */ = {
			isa = PBXGroup;
			children = (
				25D8A96D260642BA009E0BCE /* PhotoDetailPresenter.swift */,
				25D8A973260642E4009E0BCE /* PhotoDetailViewController.swift */,
				25D8A97C260642F8009E0BCE /* PhotoDetailConfigurator.swift */,
				25D8A98526064313009E0BCE /* PhotoDetailRouter.swift */,
				25D8A9A426064415009E0BCE /* PhotoDetailCollectionViewCell.swift */,
			);
			path = PhotoDetailScene;
			sourceTree = "<group>";
		};
		25D8A9AC26064450009E0BCE /* Asset */ = {
			isa = PBXGroup;
			children = (
				25D8A93526064201009E0BCE /* Main.storyboard */,
				25D8A93826064205009E0BCE /* Assets.xcassets */,
				25D8A93A26064205009E0BCE /* LaunchScreen.storyboard */,
			);
			path = Asset;
			sourceTree = "<group>";
		};
		25D8A9AD26064465009E0BCE /* Application */ = {
			isa = PBXGroup;
			children = (
				25D8A92F26064201009E0BCE /* AppDelegate.swift */,
				25D8A93126064201009E0BCE /* SceneDelegate.swift */,
			);
			path = Application;
			sourceTree = "<group>";
		};
		25D8A9AE260644C5009E0BCE /* Repositories */ = {
			isa = PBXGroup;
			children = (
				25D8A9B1260644F8009E0BCE /* PhotoRepository.swift */,
				25D8A9B626064508009E0BCE /* PhotoListRepository.swift */,
			);
			path = Repositories;
			sourceTree = "<group>";
		};
		25D8A9AF260644D5009E0BCE /* Network */ = {
			isa = PBXGroup;
			children = (
				25D8A9BB26064525009E0BCE /* NetworkModule */,
				25D8A9BC26064539009E0BCE /* APIService.swift */,
			);
			path = Network;
			sourceTree = "<group>";
		};
		25D8A9B0260644D9009E0BCE /* DataTransferObject */ = {
			isa = PBXGroup;
			children = (
				25D8AA0D26073AAB009E0BCE /* Response */,
				25D8AA0C26073AA5009E0BCE /* Request */,
			);
			path = DataTransferObject;
			sourceTree = "<group>";
		};
		25D8A9BB26064525009E0BCE /* NetworkModule */ = {
			isa = PBXGroup;
			children = (
				25D8AA2C26074603009E0BCE /* NetworkRequestFactory.swift */,
			);
			path = NetworkModule;
			sourceTree = "<group>";
		};
		25D8A9CB260645E9009E0BCE /* Model(entity) */ = {
			isa = PBXGroup;
			children = (
				25D8A9CD260645F9009E0BCE /* PhotoModel.swift */,
			);
			path = "Model(entity)";
			sourceTree = "<group>";
		};
		25D8A9CC260645EC009E0BCE /* UseCase */ = {
			isa = PBXGroup;
			children = (
				25D8A9D52606460A009E0BCE /* FetchDefaultPhotoListUseCase.swift */,
				25D8A9DD26064622009E0BCE /* FetchPhotoImageUseCase.swift */,
				25D8A9E226064633009E0BCE /* SearchPhotoListUseCase.swift */,
			);
			path = UseCase;
			sourceTree = "<group>";
		};
		25D8A9F326071825009E0BCE /* Utils */ = {
			isa = PBXGroup;
			children = (
				25D8A9F426071849009E0BCE /* StringUtils.swift */,
			);
			path = Utils;
			sourceTree = "<group>";
		};
		25D8A9F9260734BD009E0BCE /* Cache */ = {
			isa = PBXGroup;
			children = (
				25D8A9FA260734D4009E0BCE /* CacheService.swift */,
			);
			path = Cache;
			sourceTree = "<group>";
		};
		25D8AA0C26073AA5009E0BCE /* Request */ = {
			isa = PBXGroup;
			children = (
				25D8A9C1260645AD009E0BCE /* SearchPhotoListRequestDTO.swift */,
				25D8AA0226073A95009E0BCE /* ImageRequestDTO.swift */,
				25D8AA3126074D47009E0BCE /* PhotoListRequestDTO.swift */,
			);
			path = Request;
			sourceTree = "<group>";
		};
		25D8AA0D26073AAB009E0BCE /* Response */ = {
			isa = PBXGroup;
			children = (
				25D8A9C6260645CD009E0BCE /* SearchPhotoListResponseDTO.swift */,
				25D8AA0726073AA3009E0BCE /* PhotoResponseDTO.swift */,
				25D8AA1A260741E9009E0BCE /* ImageResponseDTO.swift */,
				25D8AA1F26074335009E0BCE /* PhotoListResponseDTO.swift */,
			);
			path = Response;
			sourceTree = "<group>";
		};
/* End PBXGroup section */

/* Begin PBXNativeTarget section */
		25D8A92B26064201009E0BCE /* Unsplash */ = {
			isa = PBXNativeTarget;
			buildConfigurationList = 25D8A95626064206009E0BCE /* Build configuration list for PBXNativeTarget "Unsplash" */;
			buildPhases = (
				25D8A92826064201009E0BCE /* Sources */,
				25D8A92926064201009E0BCE /* Frameworks */,
				25D8A92A26064201009E0BCE /* Resources */,
			);
			buildRules = (
			);
			dependencies = (
			);
			name = Unsplash;
			productName = Unsplash;
			productReference = 25D8A92C26064201009E0BCE /* Unsplash.app */;
			productType = "com.apple.product-type.application";
		};
		25D8A94126064205009E0BCE /* UnsplashTests */ = {
			isa = PBXNativeTarget;
			buildConfigurationList = 25D8A95926064206009E0BCE /* Build configuration list for PBXNativeTarget "UnsplashTests" */;
			buildPhases = (
				25D8A93E26064205009E0BCE /* Sources */,
				25D8A93F26064205009E0BCE /* Frameworks */,
				25D8A94026064205009E0BCE /* Resources */,
			);
			buildRules = (
			);
			dependencies = (
				25D8A94426064205009E0BCE /* PBXTargetDependency */,
			);
			name = UnsplashTests;
			productName = UnsplashTests;
			productReference = 25D8A94226064205009E0BCE /* UnsplashTests.xctest */;
			productType = "com.apple.product-type.bundle.unit-test";
		};
		25D8A94C26064206009E0BCE /* UnsplashUITests */ = {
			isa = PBXNativeTarget;
			buildConfigurationList = 25D8A95C26064206009E0BCE /* Build configuration list for PBXNativeTarget "UnsplashUITests" */;
			buildPhases = (
				25D8A94926064206009E0BCE /* Sources */,
				25D8A94A26064206009E0BCE /* Frameworks */,
				25D8A94B26064206009E0BCE /* Resources */,
			);
			buildRules = (
			);
			dependencies = (
				25D8A94F26064206009E0BCE /* PBXTargetDependency */,
			);
			name = UnsplashUITests;
			productName = UnsplashUITests;
			productReference = 25D8A94D26064206009E0BCE /* UnsplashUITests.xctest */;
			productType = "com.apple.product-type.bundle.ui-testing";
		};
/* End PBXNativeTarget section */

/* Begin PBXProject section */
		25D8A92426064201009E0BCE /* Project object */ = {
			isa = PBXProject;
			attributes = {
				LastSwiftUpdateCheck = 1220;
				LastUpgradeCheck = 1220;
				TargetAttributes = {
					25D8A92B26064201009E0BCE = {
						CreatedOnToolsVersion = 12.2;
					};
					25D8A94126064205009E0BCE = {
						CreatedOnToolsVersion = 12.2;
						TestTargetID = 25D8A92B26064201009E0BCE;
					};
					25D8A94C26064206009E0BCE = {
						CreatedOnToolsVersion = 12.2;
						TestTargetID = 25D8A92B26064201009E0BCE;
					};
				};
			};
			buildConfigurationList = 25D8A92726064201009E0BCE /* Build configuration list for PBXProject "Unsplash" */;
			compatibilityVersion = "Xcode 9.3";
			developmentRegion = en;
			hasScannedForEncodings = 0;
			knownRegions = (
				en,
				Base,
			);
			mainGroup = 25D8A92326064201009E0BCE;
			productRefGroup = 25D8A92D26064201009E0BCE /* Products */;
			projectDirPath = "";
			projectRoot = "";
			targets = (
				25D8A92B26064201009E0BCE /* Unsplash */,
				25D8A94126064205009E0BCE /* UnsplashTests */,
				25D8A94C26064206009E0BCE /* UnsplashUITests */,
			);
		};
/* End PBXProject section */

/* Begin PBXResourcesBuildPhase section */
		25D8A92A26064201009E0BCE /* Resources */ = {
			isa = PBXResourcesBuildPhase;
			buildActionMask = 2147483647;
			files = (
				25D8AA3A2607997F009E0BCE /* PhotoListTableViewCell.xib in Resources */,
				25D8A93C26064205009E0BCE /* LaunchScreen.storyboard in Resources */,
				25D8A93926064205009E0BCE /* Assets.xcassets in Resources */,
				25D8A93726064201009E0BCE /* Main.storyboard in Resources */,
			);
			runOnlyForDeploymentPostprocessing = 0;
		};
		25D8A94026064205009E0BCE /* Resources */ = {
			isa = PBXResourcesBuildPhase;
			buildActionMask = 2147483647;
			files = (
			);
			runOnlyForDeploymentPostprocessing = 0;
		};
		25D8A94B26064206009E0BCE /* Resources */ = {
			isa = PBXResourcesBuildPhase;
			buildActionMask = 2147483647;
			files = (
			);
			runOnlyForDeploymentPostprocessing = 0;
		};
/* End PBXResourcesBuildPhase section */

/* Begin PBXSourcesBuildPhase section */
		25D8A92826064201009E0BCE /* Sources */ = {
			isa = PBXSourcesBuildPhase;
			buildActionMask = 2147483647;
			files = (
				25D8A9CE260645F9009E0BCE /* PhotoModel.swift in Sources */,
				25D8AA0826073AA3009E0BCE /* PhotoResponseDTO.swift in Sources */,
				25D8AA1B260741E9009E0BCE /* ImageResponseDTO.swift in Sources */,
				25D8A93426064201009E0BCE /* PhotoListViewController.swift in Sources */,
				25D8AA0326073A95009E0BCE /* ImageRequestDTO.swift in Sources */,
				25D8A9BD26064539009E0BCE /* APIService.swift in Sources */,
				25D8A991260643B6009E0BCE /* PhotoListPresenter.swift in Sources */,
				25D8A9B726064508009E0BCE /* PhotoListRepository.swift in Sources */,
				25D8AA3226074D47009E0BCE /* PhotoListRequestDTO.swift in Sources */,
				25D8A93026064201009E0BCE /* AppDelegate.swift in Sources */,
				25D8A96E260642BA009E0BCE /* PhotoDetailPresenter.swift in Sources */,
				25D8A9E326064633009E0BCE /* SearchPhotoListUseCase.swift in Sources */,
				25D8AA2026074335009E0BCE /* PhotoListResponseDTO.swift in Sources */,
				25D8A9F526071849009E0BCE /* StringUtils.swift in Sources */,
				25D8A974260642E4009E0BCE /* PhotoDetailViewController.swift in Sources */,
				25D8A9A026064400009E0BCE /* PhotoListTableViewCell.swift in Sources */,
				25D8A9A526064415009E0BCE /* PhotoDetailCollectionViewCell.swift in Sources */,
				25D8A9FB260734D4009E0BCE /* CacheService.swift in Sources */,
				25D8A9D62606460A009E0BCE /* FetchDefaultPhotoListUseCase.swift in Sources */,
				25D8A97D260642F8009E0BCE /* PhotoDetailConfigurator.swift in Sources */,
				25D8A9C7260645CD009E0BCE /* SearchPhotoListResponseDTO.swift in Sources */,
				25D8A9C2260645AD009E0BCE /* SearchPhotoListRequestDTO.swift in Sources */,
				25D8A996260643C7009E0BCE /* PhotoListConfigurator.swift in Sources */,
				25D8A9DE26064622009E0BCE /* FetchPhotoImageUseCase.swift in Sources */,
				25D8A9B2260644F8009E0BCE /* PhotoRepository.swift in Sources */,
				25D8AA2D26074603009E0BCE /* NetworkRequestFactory.swift in Sources */,
				25D8A99B260643DB009E0BCE /* PhotoListRouter.swift in Sources */,
				25D8A93226064201009E0BCE /* SceneDelegate.swift in Sources */,
				25D8A98626064313009E0BCE /* PhotoDetailRouter.swift in Sources */,
			);
			runOnlyForDeploymentPostprocessing = 0;
		};
		25D8A93E26064205009E0BCE /* Sources */ = {
			isa = PBXSourcesBuildPhase;
			buildActionMask = 2147483647;
			files = (
				25D8A94726064205009E0BCE /* UnsplashTests.swift in Sources */,
			);
			runOnlyForDeploymentPostprocessing = 0;
		};
		25D8A94926064206009E0BCE /* Sources */ = {
			isa = PBXSourcesBuildPhase;
			buildActionMask = 2147483647;
			files = (
				25D8A95226064206009E0BCE /* UnsplashUITests.swift in Sources */,
			);
			runOnlyForDeploymentPostprocessing = 0;
		};
/* End PBXSourcesBuildPhase section */

/* Begin PBXTargetDependency section */
		25D8A94426064205009E0BCE /* PBXTargetDependency */ = {
			isa = PBXTargetDependency;
			target = 25D8A92B26064201009E0BCE /* Unsplash */;
			targetProxy = 25D8A94326064205009E0BCE /* PBXContainerItemProxy */;
		};
		25D8A94F26064206009E0BCE /* PBXTargetDependency */ = {
			isa = PBXTargetDependency;
			target = 25D8A92B26064201009E0BCE /* Unsplash */;
			targetProxy = 25D8A94E26064206009E0BCE /* PBXContainerItemProxy */;
		};
/* End PBXTargetDependency section */

/* Begin PBXVariantGroup section */
		25D8A93526064201009E0BCE /* Main.storyboard */ = {
			isa = PBXVariantGroup;
			children = (
				25D8A93626064201009E0BCE /* Base */,
			);
			name = Main.storyboard;
			sourceTree = "<group>";
		};
		25D8A93A26064205009E0BCE /* LaunchScreen.storyboard */ = {
			isa = PBXVariantGroup;
			children = (
				25D8A93B26064205009E0BCE /* Base */,
			);
			name = LaunchScreen.storyboard;
			sourceTree = "<group>";
		};
/* End PBXVariantGroup section */

/* Begin XCBuildConfiguration section */
		25D8A95426064206009E0BCE /* Debug */ = {
			isa = XCBuildConfiguration;
			buildSettings = {
				ALWAYS_SEARCH_USER_PATHS = NO;
				CLANG_ANALYZER_NONNULL = YES;
				CLANG_ANALYZER_NUMBER_OBJECT_CONVERSION = YES_AGGRESSIVE;
				CLANG_CXX_LANGUAGE_STANDARD = "gnu++14";
				CLANG_CXX_LIBRARY = "libc++";
				CLANG_ENABLE_MODULES = YES;
				CLANG_ENABLE_OBJC_ARC = YES;
				CLANG_ENABLE_OBJC_WEAK = YES;
				CLANG_WARN_BLOCK_CAPTURE_AUTORELEASING = YES;
				CLANG_WARN_BOOL_CONVERSION = YES;
				CLANG_WARN_COMMA = YES;
				CLANG_WARN_CONSTANT_CONVERSION = YES;
				CLANG_WARN_DEPRECATED_OBJC_IMPLEMENTATIONS = YES;
				CLANG_WARN_DIRECT_OBJC_ISA_USAGE = YES_ERROR;
				CLANG_WARN_DOCUMENTATION_COMMENTS = YES;
				CLANG_WARN_EMPTY_BODY = YES;
				CLANG_WARN_ENUM_CONVERSION = YES;
				CLANG_WARN_INFINITE_RECURSION = YES;
				CLANG_WARN_INT_CONVERSION = YES;
				CLANG_WARN_NON_LITERAL_NULL_CONVERSION = YES;
				CLANG_WARN_OBJC_IMPLICIT_RETAIN_SELF = YES;
				CLANG_WARN_OBJC_LITERAL_CONVERSION = YES;
				CLANG_WARN_OBJC_ROOT_CLASS = YES_ERROR;
				CLANG_WARN_QUOTED_INCLUDE_IN_FRAMEWORK_HEADER = YES;
				CLANG_WARN_RANGE_LOOP_ANALYSIS = YES;
				CLANG_WARN_STRICT_PROTOTYPES = YES;
				CLANG_WARN_SUSPICIOUS_MOVE = YES;
				CLANG_WARN_UNGUARDED_AVAILABILITY = YES_AGGRESSIVE;
				CLANG_WARN_UNREACHABLE_CODE = YES;
				CLANG_WARN__DUPLICATE_METHOD_MATCH = YES;
				COPY_PHASE_STRIP = NO;
				DEBUG_INFORMATION_FORMAT = dwarf;
				ENABLE_STRICT_OBJC_MSGSEND = YES;
				ENABLE_TESTABILITY = YES;
				GCC_C_LANGUAGE_STANDARD = gnu11;
				GCC_DYNAMIC_NO_PIC = NO;
				GCC_NO_COMMON_BLOCKS = YES;
				GCC_OPTIMIZATION_LEVEL = 0;
				GCC_PREPROCESSOR_DEFINITIONS = (
					"DEBUG=1",
					"$(inherited)",
				);
				GCC_WARN_64_TO_32_BIT_CONVERSION = YES;
				GCC_WARN_ABOUT_RETURN_TYPE = YES_ERROR;
				GCC_WARN_UNDECLARED_SELECTOR = YES;
				GCC_WARN_UNINITIALIZED_AUTOS = YES_AGGRESSIVE;
				GCC_WARN_UNUSED_FUNCTION = YES;
				GCC_WARN_UNUSED_VARIABLE = YES;
				IPHONEOS_DEPLOYMENT_TARGET = 12.0;
				MTL_ENABLE_DEBUG_INFO = INCLUDE_SOURCE;
				MTL_FAST_MATH = YES;
				ONLY_ACTIVE_ARCH = YES;
				SDKROOT = iphoneos;
				SWIFT_ACTIVE_COMPILATION_CONDITIONS = DEBUG;
				SWIFT_OPTIMIZATION_LEVEL = "-Onone";
			};
			name = Debug;
		};
		25D8A95526064206009E0BCE /* Release */ = {
			isa = XCBuildConfiguration;
			buildSettings = {
				ALWAYS_SEARCH_USER_PATHS = NO;
				CLANG_ANALYZER_NONNULL = YES;
				CLANG_ANALYZER_NUMBER_OBJECT_CONVERSION = YES_AGGRESSIVE;
				CLANG_CXX_LANGUAGE_STANDARD = "gnu++14";
				CLANG_CXX_LIBRARY = "libc++";
				CLANG_ENABLE_MODULES = YES;
				CLANG_ENABLE_OBJC_ARC = YES;
				CLANG_ENABLE_OBJC_WEAK = YES;
				CLANG_WARN_BLOCK_CAPTURE_AUTORELEASING = YES;
				CLANG_WARN_BOOL_CONVERSION = YES;
				CLANG_WARN_COMMA = YES;
				CLANG_WARN_CONSTANT_CONVERSION = YES;
				CLANG_WARN_DEPRECATED_OBJC_IMPLEMENTATIONS = YES;
				CLANG_WARN_DIRECT_OBJC_ISA_USAGE = YES_ERROR;
				CLANG_WARN_DOCUMENTATION_COMMENTS = YES;
				CLANG_WARN_EMPTY_BODY = YES;
				CLANG_WARN_ENUM_CONVERSION = YES;
				CLANG_WARN_INFINITE_RECURSION = YES;
				CLANG_WARN_INT_CONVERSION = YES;
				CLANG_WARN_NON_LITERAL_NULL_CONVERSION = YES;
				CLANG_WARN_OBJC_IMPLICIT_RETAIN_SELF = YES;
				CLANG_WARN_OBJC_LITERAL_CONVERSION = YES;
				CLANG_WARN_OBJC_ROOT_CLASS = YES_ERROR;
				CLANG_WARN_QUOTED_INCLUDE_IN_FRAMEWORK_HEADER = YES;
				CLANG_WARN_RANGE_LOOP_ANALYSIS = YES;
				CLANG_WARN_STRICT_PROTOTYPES = YES;
				CLANG_WARN_SUSPICIOUS_MOVE = YES;
				CLANG_WARN_UNGUARDED_AVAILABILITY = YES_AGGRESSIVE;
				CLANG_WARN_UNREACHABLE_CODE = YES;
				CLANG_WARN__DUPLICATE_METHOD_MATCH = YES;
				COPY_PHASE_STRIP = NO;
				DEBUG_INFORMATION_FORMAT = "dwarf-with-dsym";
				ENABLE_NS_ASSERTIONS = NO;
				ENABLE_STRICT_OBJC_MSGSEND = YES;
				GCC_C_LANGUAGE_STANDARD = gnu11;
				GCC_NO_COMMON_BLOCKS = YES;
				GCC_WARN_64_TO_32_BIT_CONVERSION = YES;
				GCC_WARN_ABOUT_RETURN_TYPE = YES_ERROR;
				GCC_WARN_UNDECLARED_SELECTOR = YES;
				GCC_WARN_UNINITIALIZED_AUTOS = YES_AGGRESSIVE;
				GCC_WARN_UNUSED_FUNCTION = YES;
				GCC_WARN_UNUSED_VARIABLE = YES;
				IPHONEOS_DEPLOYMENT_TARGET = 12.0;
				MTL_ENABLE_DEBUG_INFO = NO;
				MTL_FAST_MATH = YES;
				SDKROOT = iphoneos;
				SWIFT_COMPILATION_MODE = wholemodule;
				SWIFT_OPTIMIZATION_LEVEL = "-O";
				VALIDATE_PRODUCT = YES;
			};
			name = Release;
		};
		25D8A95726064206009E0BCE /* Debug */ = {
			isa = XCBuildConfiguration;
			buildSettings = {
				ASSETCATALOG_COMPILER_APPICON_NAME = AppIcon;
				ASSETCATALOG_COMPILER_GLOBAL_ACCENT_COLOR_NAME = AccentColor;
				CODE_SIGN_STYLE = Automatic;
				DEVELOPMENT_TEAM = 62MCJDNV3Q;
				INFOPLIST_FILE = Unsplash/Info.plist;
				LD_RUNPATH_SEARCH_PATHS = (
					"$(inherited)",
					"@executable_path/Frameworks",
				);
				PRODUCT_BUNDLE_IDENTIFIER = sosoon.Unsplash;
				PRODUCT_NAME = "$(TARGET_NAME)";
				SWIFT_VERSION = 5.0;
				TARGETED_DEVICE_FAMILY = "1,2";
			};
			name = Debug;
		};
		25D8A95826064206009E0BCE /* Release */ = {
			isa = XCBuildConfiguration;
			buildSettings = {
				ASSETCATALOG_COMPILER_APPICON_NAME = AppIcon;
				ASSETCATALOG_COMPILER_GLOBAL_ACCENT_COLOR_NAME = AccentColor;
				CODE_SIGN_STYLE = Automatic;
				DEVELOPMENT_TEAM = 62MCJDNV3Q;
				INFOPLIST_FILE = Unsplash/Info.plist;
				LD_RUNPATH_SEARCH_PATHS = (
					"$(inherited)",
					"@executable_path/Frameworks",
				);
				PRODUCT_BUNDLE_IDENTIFIER = sosoon.Unsplash;
				PRODUCT_NAME = "$(TARGET_NAME)";
				SWIFT_VERSION = 5.0;
				TARGETED_DEVICE_FAMILY = "1,2";
			};
			name = Release;
		};
		25D8A95A26064206009E0BCE /* Debug */ = {
			isa = XCBuildConfiguration;
			buildSettings = {
				ALWAYS_EMBED_SWIFT_STANDARD_LIBRARIES = YES;
				BUNDLE_LOADER = "$(TEST_HOST)";
				CODE_SIGN_STYLE = Automatic;
				DEVELOPMENT_TEAM = 62MCJDNV3Q;
				INFOPLIST_FILE = UnsplashTests/Info.plist;
				IPHONEOS_DEPLOYMENT_TARGET = 14.2;
				LD_RUNPATH_SEARCH_PATHS = (
					"$(inherited)",
					"@executable_path/Frameworks",
					"@loader_path/Frameworks",
				);
				PRODUCT_BUNDLE_IDENTIFIER = sosoon.UnsplashTests;
				PRODUCT_NAME = "$(TARGET_NAME)";
				SWIFT_VERSION = 5.0;
				TARGETED_DEVICE_FAMILY = "1,2";
				TEST_HOST = "$(BUILT_PRODUCTS_DIR)/Unsplash.app/Unsplash";
			};
			name = Debug;
		};
		25D8A95B26064206009E0BCE /* Release */ = {
			isa = XCBuildConfiguration;
			buildSettings = {
				ALWAYS_EMBED_SWIFT_STANDARD_LIBRARIES = YES;
				BUNDLE_LOADER = "$(TEST_HOST)";
				CODE_SIGN_STYLE = Automatic;
				DEVELOPMENT_TEAM = 62MCJDNV3Q;
				INFOPLIST_FILE = UnsplashTests/Info.plist;
				IPHONEOS_DEPLOYMENT_TARGET = 14.2;
				LD_RUNPATH_SEARCH_PATHS = (
					"$(inherited)",
					"@executable_path/Frameworks",
					"@loader_path/Frameworks",
				);
				PRODUCT_BUNDLE_IDENTIFIER = sosoon.UnsplashTests;
				PRODUCT_NAME = "$(TARGET_NAME)";
				SWIFT_VERSION = 5.0;
				TARGETED_DEVICE_FAMILY = "1,2";
				TEST_HOST = "$(BUILT_PRODUCTS_DIR)/Unsplash.app/Unsplash";
			};
			name = Release;
		};
		25D8A95D26064206009E0BCE /* Debug */ = {
			isa = XCBuildConfiguration;
			buildSettings = {
				ALWAYS_EMBED_SWIFT_STANDARD_LIBRARIES = YES;
				CODE_SIGN_STYLE = Automatic;
				DEVELOPMENT_TEAM = 62MCJDNV3Q;
				INFOPLIST_FILE = UnsplashUITests/Info.plist;
				LD_RUNPATH_SEARCH_PATHS = (
					"$(inherited)",
					"@executable_path/Frameworks",
					"@loader_path/Frameworks",
				);
				PRODUCT_BUNDLE_IDENTIFIER = sosoon.UnsplashUITests;
				PRODUCT_NAME = "$(TARGET_NAME)";
				SWIFT_VERSION = 5.0;
				TARGETED_DEVICE_FAMILY = "1,2";
				TEST_TARGET_NAME = Unsplash;
			};
			name = Debug;
		};
		25D8A95E26064206009E0BCE /* Release */ = {
			isa = XCBuildConfiguration;
			buildSettings = {
				ALWAYS_EMBED_SWIFT_STANDARD_LIBRARIES = YES;
				CODE_SIGN_STYLE = Automatic;
				DEVELOPMENT_TEAM = 62MCJDNV3Q;
				INFOPLIST_FILE = UnsplashUITests/Info.plist;
				LD_RUNPATH_SEARCH_PATHS = (
					"$(inherited)",
					"@executable_path/Frameworks",
					"@loader_path/Frameworks",
				);
				PRODUCT_BUNDLE_IDENTIFIER = sosoon.UnsplashUITests;
				PRODUCT_NAME = "$(TARGET_NAME)";
				SWIFT_VERSION = 5.0;
				TARGETED_DEVICE_FAMILY = "1,2";
				TEST_TARGET_NAME = Unsplash;
			};
			name = Release;
		};
/* End XCBuildConfiguration section */

/* Begin XCConfigurationList section */
		25D8A92726064201009E0BCE /* Build configuration list for PBXProject "Unsplash" */ = {
			isa = XCConfigurationList;
			buildConfigurations = (
				25D8A95426064206009E0BCE /* Debug */,
				25D8A95526064206009E0BCE /* Release */,
			);
			defaultConfigurationIsVisible = 0;
			defaultConfigurationName = Release;
		};
		25D8A95626064206009E0BCE /* Build configuration list for PBXNativeTarget "Unsplash" */ = {
			isa = XCConfigurationList;
			buildConfigurations = (
				25D8A95726064206009E0BCE /* Debug */,
				25D8A95826064206009E0BCE /* Release */,
			);
			defaultConfigurationIsVisible = 0;
			defaultConfigurationName = Release;
		};
		25D8A95926064206009E0BCE /* Build configuration list for PBXNativeTarget "UnsplashTests" */ = {
			isa = XCConfigurationList;
			buildConfigurations = (
				25D8A95A26064206009E0BCE /* Debug */,
				25D8A95B26064206009E0BCE /* Release */,
			);
			defaultConfigurationIsVisible = 0;
			defaultConfigurationName = Release;
		};
		25D8A95C26064206009E0BCE /* Build configuration list for PBXNativeTarget "UnsplashUITests" */ = {
			isa = XCConfigurationList;
			buildConfigurations = (
				25D8A95D26064206009E0BCE /* Debug */,
				25D8A95E26064206009E0BCE /* Release */,
			);
			defaultConfigurationIsVisible = 0;
			defaultConfigurationName = Release;
		};
/* End XCConfigurationList section */
	};
	rootObject = 25D8A92426064201009E0BCE /* Project object */;
}
